<?xml version="1.0" encoding="utf-8"?>
<Project ToolsVersion="4.0" xmlns="http://schemas.microsoft.com/developer/msbuild/2003">
  <ItemGroup>
    <Filter Include="Source Files">
      <UniqueIdentifier>{4FC737F1-C7A5-4376-A066-2A32D752A2FF}</UniqueIdentifier>
      <Extensions>cpp;c;cc;cxx;def;odl;idl;hpj;bat;asm;asmx</Extensions>
    </Filter>
    <Filter Include="Header Files">
      <UniqueIdentifier>{93995380-89BD-4b04-88EB-625FBE52EBFB}</UniqueIdentifier>
      <Extensions>h;hpp;hxx;hm;inl;inc;xsd</Extensions>
    </Filter>
    <Filter Include="Resource Files">
      <UniqueIdentifier>{67DA6AB6-F800-4c08-8B7A-83BB121AAD01}</UniqueIdentifier>
      <Extensions>rc;ico;cur;bmp;dlg;rc2;rct;bin;rgs;gif;jpg;jpeg;jpe;resx;tiff;tif;png;wav</Extensions>
    </Filter>
  </ItemGroup>
  <ItemGroup>
    <ClCompile Include="Order.cpp">
      <Filter>Source Files</Filter>
    </ClCompile>
    <ClCompile Include="QuikCallbackAPI.cpp">
      <Filter>Source Files</Filter>
    </ClCompile>
    <ClCompile Include="Trade.cpp">
      <Filter>Source Files</Filter>
    </ClCompile>
    <ClCompile Include="Trans2QuikAPI.cpp">
      <Filter>Source Files</Filter>
    </ClCompile>
    <ClCompile Include="TransactionDriver.cpp">
      <Filter>Source Files</Filter>
    </ClCompile>
    <ClCompile Include="WQuik.cpp">
      <Filter>Source Files</Filter>
    </ClCompile>
  </ItemGroup>
  <ItemGroup>
    <ClInclude Include="..\include\wquik\IQuikCallbackAPI.h">
      <Filter>Header Files</Filter>
    </ClInclude>
    <ClInclude Include="..\include\wquik\IQuikCallbackHandler.h">
      <Filter>Header Files</Filter>
    </ClInclude>
    <ClInclude Include="..\include\wquik\ITrans2QuikAPI.h">
      <Filter>Header Files</Filter>
    </ClInclude>
    <ClInclude Include="..\include\wquik\ITransactionDriver.h">
      <Filter>Header Files</Filter>
    </ClInclude>
    <ClInclude Include="..\include\wquik\LibraryException.h">
      <Filter>Header Files</Filter>
    </ClInclude>
    <ClInclude Include="..\include\wquik\macros.h">
      <Filter>Header Files</Filter>
    </ClInclude>
    <ClInclude Include="..\include\wquik\Order.h">
      <Filter>Header Files</Filter>
    </ClInclude>
    <ClInclude Include="..\include\wquik\QuikCallbackAPI.h">
      <Filter>Header Files</Filter>
    </ClInclude>
    <ClInclude Include="..\include\wquik\Trade.h">
      <Filter>Header Files</Filter>
    </ClInclude>
    <ClInclude Include="..\include\wquik\Trans2QuikAPI.h">
      <Filter>Header Files</Filter>
    </ClInclude>
    <ClInclude Include="..\include\wquik\TransactionDriver.h">
      <Filter>Header Files</Filter>
    </ClInclude>
    <ClInclude Include="..\include\wquik\TransactionDriverException.h">
      <Filter>Header Files</Filter>
    </ClInclude>
    <ClInclude Include="..\include\wquik\WQuik.h">
      <Filter>Header Files</Filter>
    </ClInclude>
  </ItemGroup>
  <ItemGroup>
    <None Include="ReadMe.txt" />
  </ItemGroup>
</Project>