<?xml version="1.0" encoding="utf-8"?>
<Project ToolsVersion="4.0" xmlns="http://schemas.microsoft.com/developer/msbuild/2003">
  <ItemGroup>
    <Filter Include="Source Files">
      <UniqueIdentifier>{4FC737F1-C7A5-4376-A066-2A32D752A2FF}</UniqueIdentifier>
      <Extensions>cpp;c;cc;cxx;def;odl;idl;hpj;bat;asm;asmx</Extensions>
    </Filter>
    <Filter Include="Header Files">
      <UniqueIdentifier>{93995380-89BD-4b04-88EB-625FBE52EBFB}</UniqueIdentifier>
      <Extensions>h;hpp;hxx;hm;inl;inc;xsd</Extensions>
    </Filter>
    <Filter Include="Resource Files">
      <UniqueIdentifier>{67DA6AB6-F800-4c08-8B7A-83BB121AAD01}</UniqueIdentifier>
      <Extensions>rc;ico;cur;bmp;dlg;rc2;rct;bin;rgs;gif;jpg;jpeg;jpe;resx;tiff;tif;png;wav</Extensions>
    </Filter>
  </ItemGroup>
  <ItemGroup>
    <ClCompile Include="..\src\aquila\xltable\Facade.cpp">
      <Filter>Source Files</Filter>
    </ClCompile>
    <ClCompile Include="..\src\aquila\xltable\xltable-all.cpp">
      <Filter>Source Files</Filter>
    </ClCompile>
  </ItemGroup>
  <ItemGroup>
    <ClInclude Include="..\include\aquila\xltable\BlockBlank.h">
      <Filter>Header Files</Filter>
    </ClInclude>
    <ClInclude Include="..\include\aquila\xltable\BlockBoolean.h">
      <Filter>Header Files</Filter>
    </ClInclude>
    <ClInclude Include="..\include\aquila\xltable\BlockError.h">
      <Filter>Header Files</Filter>
    </ClInclude>
    <ClInclude Include="..\include\aquila\xltable\BlockFactory.h">
      <Filter>Header Files</Filter>
    </ClInclude>
    <ClInclude Include="..\include\aquila\xltable\BlockFloat.h">
      <Filter>Header Files</Filter>
    </ClInclude>
    <ClInclude Include="..\include\aquila\xltable\BlockInteger.h">
      <Filter>Header Files</Filter>
    </ClInclude>
    <ClInclude Include="..\include\aquila\xltable\BlockRegistry.h">
      <Filter>Header Files</Filter>
    </ClInclude>
    <ClInclude Include="..\include\aquila\xltable\BlockSkip.h">
      <Filter>Header Files</Filter>
    </ClInclude>
    <ClInclude Include="..\include\aquila\xltable\BlockString.h">
      <Filter>Header Files</Filter>
    </ClInclude>
    <ClInclude Include="..\include\aquila\xltable\CellAggregator.h">
      <Filter>Header Files</Filter>
    </ClInclude>
    <ClInclude Include="..\include\aquila\xltable\CellBoolean.h">
      <Filter>Header Files</Filter>
    </ClInclude>
    <ClInclude Include="..\include\aquila\xltable\CellEmpty.h">
      <Filter>Header Files</Filter>
    </ClInclude>
    <ClInclude Include="..\include\aquila\xltable\CellFactory.h">
      <Filter>Header Files</Filter>
    </ClInclude>
    <ClInclude Include="..\include\aquila\xltable\CellFloat.h">
      <Filter>Header Files</Filter>
    </ClInclude>
    <ClInclude Include="..\include\aquila\xltable\CellInteger.h">
      <Filter>Header Files</Filter>
    </ClInclude>
    <ClInclude Include="..\include\aquila\xltable\CellString.h">
      <Filter>Header Files</Filter>
    </ClInclude>
    <ClInclude Include="..\include\aquila\xltable\DataStream.h">
      <Filter>Header Files</Filter>
    </ClInclude>
    <ClInclude Include="..\include\aquila\xltable\Facade.h">
      <Filter>Header Files</Filter>
    </ClInclude>
    <ClInclude Include="..\include\aquila\xltable\IBlock.h">
      <Filter>Header Files</Filter>
    </ClInclude>
    <ClInclude Include="..\include\aquila\xltable\IBlockFactory.h">
      <Filter>Header Files</Filter>
    </ClInclude>
    <ClInclude Include="..\include\aquila\xltable\ICell.h">
      <Filter>Header Files</Filter>
    </ClInclude>
    <ClInclude Include="..\include\aquila\xltable\ICellAggregator.h">
      <Filter>Header Files</Filter>
    </ClInclude>
    <ClInclude Include="..\include\aquila\xltable\ICellFactory.h">
      <Filter>Header Files</Filter>
    </ClInclude>
    <ClInclude Include="..\include\aquila\xltable\IDataStream.h">
      <Filter>Header Files</Filter>
    </ClInclude>
    <ClInclude Include="..\include\aquila\xltable\IFacade.h">
      <Filter>Header Files</Filter>
    </ClInclude>
    <ClInclude Include="..\include\aquila\xltable\ITableRange.h">
      <Filter>Header Files</Filter>
    </ClInclude>
    <ClInclude Include="..\include\aquila\xltable\TableRange.h">
      <Filter>Header Files</Filter>
    </ClInclude>
    <ClInclude Include="..\include\aquila\xltable\XltException.h">
      <Filter>Header Files</Filter>
    </ClInclude>
  </ItemGroup>
  <ItemGroup>
    <None Include="ReadMe.txt" />
  </ItemGroup>
</Project>