<?xml version="1.0" encoding="utf-8"?>
<Project ToolsVersion="4.0" xmlns="http://schemas.microsoft.com/developer/msbuild/2003">
  <ItemGroup>
    <Filter Include="Source Files">
      <UniqueIdentifier>{4FC737F1-C7A5-4376-A066-2A32D752A2FF}</UniqueIdentifier>
      <Extensions>cpp;c;cc;cxx;def;odl;idl;hpj;bat;asm;asmx</Extensions>
    </Filter>
    <Filter Include="Header Files">
      <UniqueIdentifier>{93995380-89BD-4b04-88EB-625FBE52EBFB}</UniqueIdentifier>
      <Extensions>h;hpp;hxx;hm;inl;inc;xsd</Extensions>
    </Filter>
    <Filter Include="Resource Files">
      <UniqueIdentifier>{67DA6AB6-F800-4c08-8B7A-83BB121AAD01}</UniqueIdentifier>
      <Extensions>rc;ico;cur;bmp;dlg;rc2;rct;bin;rgs;gif;jpg;jpeg;jpe;resx;tiff;tif;png;wav</Extensions>
    </Filter>
  </ItemGroup>
  <ItemGroup>
    <ClCompile Include="..\src\aquila\ddesvr\CallbackDispatcher.cpp">
      <Filter>Source Files</Filter>
    </ClCompile>
    <ClCompile Include="..\src\aquila\ddesvr\HelperWindow.cpp">
      <Filter>Source Files</Filter>
    </ClCompile>
    <ClCompile Include="..\src\aquila\ddesvr\HelperWindowController.cpp">
      <Filter>Source Files</Filter>
    </ClCompile>
    <ClCompile Include="..\src\aquila\ddesvr\HelperWindowHandler.cpp">
      <Filter>Source Files</Filter>
    </ClCompile>
    <ClCompile Include="..\src\aquila\ddesvr\HelperWindowThread.cpp">
      <Filter>Source Files</Filter>
    </ClCompile>
    <ClCompile Include="..\src\aquila\ddesvr\Server.cpp">
      <Filter>Source Files</Filter>
    </ClCompile>
    <ClCompile Include="..\src\aquila\ddesvr\ServiceMap.cpp">
      <Filter>Source Files</Filter>
    </ClCompile>
  </ItemGroup>
  <ItemGroup>
    <ClInclude Include="..\include\aquila\ddesvr\CallbackDispatcher.h">
      <Filter>Header Files</Filter>
    </ClInclude>
    <ClInclude Include="..\include\aquila\ddesvr\ddesvr.h">
      <Filter>Header Files</Filter>
    </ClInclude>
    <ClInclude Include="..\include\aquila\ddesvr\HelperWindow.h">
      <Filter>Header Files</Filter>
    </ClInclude>
    <ClInclude Include="..\include\aquila\ddesvr\HelperWindowController.h">
      <Filter>Header Files</Filter>
    </ClInclude>
    <ClInclude Include="..\include\aquila\ddesvr\HelperWindowHandler.h">
      <Filter>Header Files</Filter>
    </ClInclude>
    <ClInclude Include="..\include\aquila\ddesvr\HelperWindowThread.h">
      <Filter>Header Files</Filter>
    </ClInclude>
    <ClInclude Include="..\include\aquila\ddesvr\IHelperWindow.h">
      <Filter>Header Files</Filter>
    </ClInclude>
    <ClInclude Include="..\include\aquila\ddesvr\IHelperWindowController.h">
      <Filter>Header Files</Filter>
    </ClInclude>
    <ClInclude Include="..\include\aquila\ddesvr\IHelperWindowHandler.h">
      <Filter>Header Files</Filter>
    </ClInclude>
    <ClInclude Include="..\include\aquila\ddesvr\IHelperWindowThread.h">
      <Filter>Header Files</Filter>
    </ClInclude>
    <ClInclude Include="..\include\aquila\ddesvr\IServer.h">
      <Filter>Header Files</Filter>
    </ClInclude>
    <ClInclude Include="..\include\aquila\ddesvr\IServiceMap.h">
      <Filter>Header Files</Filter>
    </ClInclude>
    <ClInclude Include="..\include\aquila\ddesvr\Server.h">
      <Filter>Header Files</Filter>
    </ClInclude>
    <ClInclude Include="..\include\aquila\ddesvr\ServiceMap.h">
      <Filter>Header Files</Filter>
    </ClInclude>
  </ItemGroup>
  <ItemGroup>
    <None Include="ReadMe.txt" />
  </ItemGroup>
</Project>